// !$*UTF8*$!
{
	archiveVersion = 1;
	classes = {
	};
	objectVersion = 56;
	objects = {

/* Begin PBXBuildFile section */
		6F14977B2AAD182C0074F684 /* OnBoardingCollectionViewCell.swift in Sources */ = {isa = PBXBuildFile; fileRef = 6F14977A2AAD182C0074F684 /* OnBoardingCollectionViewCell.swift */; };
		6F14977D2AAE66B50074F684 /* tabBarController.storyboard in Resources */ = {isa = PBXBuildFile; fileRef = 6F14977C2AAE66B50074F684 /* tabBarController.storyboard */; };
		6F1497812AAFAA3E0074F684 /* login+register.storyboard in Resources */ = {isa = PBXBuildFile; fileRef = 6F1497802AAFAA3E0074F684 /* login+register.storyboard */; };
		6F1497852AAFAE4A0074F684 /* LoginVC.swift in Sources */ = {isa = PBXBuildFile; fileRef = 6F1497842AAFAE4A0074F684 /* LoginVC.swift */; };
		6F1497872AAFAE5B0074F684 /* RegisterVC.swift in Sources */ = {isa = PBXBuildFile; fileRef = 6F1497862AAFAE5B0074F684 /* RegisterVC.swift */; };
		6F1497A12AAFB46A0074F684 /* FirebaseAnalytics in Frameworks */ = {isa = PBXBuildFile; productRef = 6F1497A02AAFB46A0074F684 /* FirebaseAnalytics */; };
		6F1497A32AAFB46A0074F684 /* FirebaseAuth in Frameworks */ = {isa = PBXBuildFile; productRef = 6F1497A22AAFB46A0074F684 /* FirebaseAuth */; };
		6F1497A52AAFB46A0074F684 /* FirebaseAuthCombine-Community in Frameworks */ = {isa = PBXBuildFile; productRef = 6F1497A42AAFB46A0074F684 /* FirebaseAuthCombine-Community */; };
		6F1497A72AAFB46A0074F684 /* FirebaseDatabase in Frameworks */ = {isa = PBXBuildFile; productRef = 6F1497A62AAFB46A0074F684 /* FirebaseDatabase */; };
		6F1497A92AAFB46A0074F684 /* FirebaseFirestore in Frameworks */ = {isa = PBXBuildFile; productRef = 6F1497A82AAFB46A0074F684 /* FirebaseFirestore */; };
		6F1497AB2AAFB46A0074F684 /* FirebaseStorage in Frameworks */ = {isa = PBXBuildFile; productRef = 6F1497AA2AAFB46A0074F684 /* FirebaseStorage */; };
		6F3923422AB8749700C316E7 /* DetailVC.swift in Sources */ = {isa = PBXBuildFile; fileRef = 6F3923412AB8749700C316E7 /* DetailVC.swift */; };
		6F3923452AB8CD5400C316E7 /* Core.xcdatamodeld in Sources */ = {isa = PBXBuildFile; fileRef = 6F3923432AB8CD5400C316E7 /* Core.xcdatamodeld */; };
		6F39236A2AB9045100C316E7 /* KaydedilenlerVC.swift in Sources */ = {isa = PBXBuildFile; fileRef = 6F3923692AB9045100C316E7 /* KaydedilenlerVC.swift */; };
		6F39236C2AB906BC00C316E7 /* KaydedilenlerCell.swift in Sources */ = {isa = PBXBuildFile; fileRef = 6F39236B2AB906BC00C316E7 /* KaydedilenlerCell.swift */; };
		6F39236E2ABB30B000C316E7 /* SideMenuViewController.swift in Sources */ = {isa = PBXBuildFile; fileRef = 6F39236D2ABB30B000C316E7 /* SideMenuViewController.swift */; };
		6F78FFA42AA90C2B00D10B20 /* AppDelegate.swift in Sources */ = {isa = PBXBuildFile; fileRef = 6F78FFA32AA90C2B00D10B20 /* AppDelegate.swift */; };
		6F78FFA62AA90C2B00D10B20 /* SceneDelegate.swift in Sources */ = {isa = PBXBuildFile; fileRef = 6F78FFA52AA90C2B00D10B20 /* SceneDelegate.swift */; };
		6F78FFA82AA90C2B00D10B20 /* ViewController.swift in Sources */ = {isa = PBXBuildFile; fileRef = 6F78FFA72AA90C2B00D10B20 /* ViewController.swift */; };
		6F78FFAB2AA90C2B00D10B20 /* Main.storyboard in Resources */ = {isa = PBXBuildFile; fileRef = 6F78FFA92AA90C2B00D10B20 /* Main.storyboard */; };
		6F78FFAD2AA90C2D00D10B20 /* Assets.xcassets in Resources */ = {isa = PBXBuildFile; fileRef = 6F78FFAC2AA90C2D00D10B20 /* Assets.xcassets */; };
		6F78FFB02AA90C2D00D10B20 /* LaunchScreen.storyboard in Resources */ = {isa = PBXBuildFile; fileRef = 6F78FFAE2AA90C2D00D10B20 /* LaunchScreen.storyboard */; };
		6F78FFBA2AACF65A00D10B20 /* OnBoardingSlide.swift in Sources */ = {isa = PBXBuildFile; fileRef = 6F78FFB92AACF65A00D10B20 /* OnBoardingSlide.swift */; };
		6F78FFBE2AAD06A900D10B20 /* UIView+Exsention.swift in Sources */ = {isa = PBXBuildFile; fileRef = 6F78FFBD2AAD06A900D10B20 /* UIView+Exsention.swift */; };
		6FB281FF2ABC914A0088A348 /* ProfileVC.swift in Sources */ = {isa = PBXBuildFile; fileRef = 6FB281FE2ABC914A0088A348 /* ProfileVC.swift */; };
		6FF65C0D2AB0AA16004006D9 /* GoogleService-Info.plist in Resources */ = {isa = PBXBuildFile; fileRef = 6FF65C0C2AB0AA16004006D9 /* GoogleService-Info.plist */; };
		6FF65C0F2AB0AC90004006D9 /* AuthService.swift in Sources */ = {isa = PBXBuildFile; fileRef = 6FF65C0E2AB0AC90004006D9 /* AuthService.swift */; };
		6FF65C112AB24611004006D9 /* NewsListViewController.swift in Sources */ = {isa = PBXBuildFile; fileRef = 6FF65C102AB24611004006D9 /* NewsListViewController.swift */; };
		6FF65C1B2AB5BF96004006D9 /* NewsModel.swift in Sources */ = {isa = PBXBuildFile; fileRef = 6FF65C1A2AB5BF96004006D9 /* NewsModel.swift */; };
		6FF65C1E2AB5C133004006D9 /* Alamofire in Frameworks */ = {isa = PBXBuildFile; productRef = 6FF65C1D2AB5C133004006D9 /* Alamofire */; };
		6FF65C202AB5C151004006D9 /* NetworkManager.swift in Sources */ = {isa = PBXBuildFile; fileRef = 6FF65C1F2AB5C151004006D9 /* NetworkManager.swift */; };
		6FF65C222AB5D9FB004006D9 /* SearchCell.swift in Sources */ = {isa = PBXBuildFile; fileRef = 6FF65C212AB5D9FB004006D9 /* SearchCell.swift */; };
		6FF65C272AB658AD004006D9 /* SearchViewModel.swift in Sources */ = {isa = PBXBuildFile; fileRef = 6FF65C262AB658AC004006D9 /* SearchViewModel.swift */; };
		6FF65C292AB7CEE8004006D9 /* SecondCell.swift in Sources */ = {isa = PBXBuildFile; fileRef = 6FF65C282AB7CEE8004006D9 /* SecondCell.swift */; };
/* End PBXBuildFile section */

/* Begin PBXFileReference section */
		6F14977A2AAD182C0074F684 /* OnBoardingCollectionViewCell.swift */ = {isa = PBXFileReference; lastKnownFileType = sourcecode.swift; path = OnBoardingCollectionViewCell.swift; sourceTree = "<group>"; };
		6F14977C2AAE66B50074F684 /* tabBarController.storyboard */ = {isa = PBXFileReference; lastKnownFileType = file.storyboard; path = tabBarController.storyboard; sourceTree = "<group>"; };
		6F1497802AAFAA3E0074F684 /* login+register.storyboard */ = {isa = PBXFileReference; lastKnownFileType = file.storyboard; path = "login+register.storyboard"; sourceTree = "<group>"; };
		6F1497842AAFAE4A0074F684 /* LoginVC.swift */ = {isa = PBXFileReference; lastKnownFileType = sourcecode.swift; path = LoginVC.swift; sourceTree = "<group>"; };
		6F1497862AAFAE5B0074F684 /* RegisterVC.swift */ = {isa = PBXFileReference; lastKnownFileType = sourcecode.swift; path = RegisterVC.swift; sourceTree = "<group>"; };
		6F3923412AB8749700C316E7 /* DetailVC.swift */ = {isa = PBXFileReference; lastKnownFileType = sourcecode.swift; path = DetailVC.swift; sourceTree = "<group>"; };
		6F3923442AB8CD5400C316E7 /* Core.xcdatamodel */ = {isa = PBXFileReference; lastKnownFileType = wrapper.xcdatamodel; path = Core.xcdatamodel; sourceTree = "<group>"; };
		6F3923692AB9045100C316E7 /* KaydedilenlerVC.swift */ = {isa = PBXFileReference; lastKnownFileType = sourcecode.swift; path = KaydedilenlerVC.swift; sourceTree = "<group>"; };
		6F39236B2AB906BC00C316E7 /* KaydedilenlerCell.swift */ = {isa = PBXFileReference; lastKnownFileType = sourcecode.swift; path = KaydedilenlerCell.swift; sourceTree = "<group>"; };
		6F39236D2ABB30B000C316E7 /* SideMenuViewController.swift */ = {isa = PBXFileReference; lastKnownFileType = sourcecode.swift; path = SideMenuViewController.swift; sourceTree = "<group>"; };
		6F78FFA02AA90C2B00D10B20 /* newsApp.app */ = {isa = PBXFileReference; explicitFileType = wrapper.application; includeInIndex = 0; path = newsApp.app; sourceTree = BUILT_PRODUCTS_DIR; };
		6F78FFA32AA90C2B00D10B20 /* AppDelegate.swift */ = {isa = PBXFileReference; lastKnownFileType = sourcecode.swift; path = AppDelegate.swift; sourceTree = "<group>"; };
		6F78FFA52AA90C2B00D10B20 /* SceneDelegate.swift */ = {isa = PBXFileReference; lastKnownFileType = sourcecode.swift; path = SceneDelegate.swift; sourceTree = "<group>"; };
		6F78FFA72AA90C2B00D10B20 /* ViewController.swift */ = {isa = PBXFileReference; lastKnownFileType = sourcecode.swift; path = ViewController.swift; sourceTree = "<group>"; };
		6F78FFAA2AA90C2B00D10B20 /* Base */ = {isa = PBXFileReference; lastKnownFileType = file.storyboard; name = Base; path = Base.lproj/Main.storyboard; sourceTree = "<group>"; };
		6F78FFAC2AA90C2D00D10B20 /* Assets.xcassets */ = {isa = PBXFileReference; lastKnownFileType = folder.assetcatalog; path = Assets.xcassets; sourceTree = "<group>"; };
		6F78FFAF2AA90C2D00D10B20 /* Base */ = {isa = PBXFileReference; lastKnownFileType = file.storyboard; name = Base; path = Base.lproj/LaunchScreen.storyboard; sourceTree = "<group>"; };
		6F78FFB12AA90C2D00D10B20 /* Info.plist */ = {isa = PBXFileReference; lastKnownFileType = text.plist.xml; path = Info.plist; sourceTree = "<group>"; };
		6F78FFB92AACF65A00D10B20 /* OnBoardingSlide.swift */ = {isa = PBXFileReference; lastKnownFileType = sourcecode.swift; path = OnBoardingSlide.swift; sourceTree = "<group>"; };
		6F78FFBD2AAD06A900D10B20 /* UIView+Exsention.swift */ = {isa = PBXFileReference; lastKnownFileType = sourcecode.swift; path = "UIView+Exsention.swift"; sourceTree = "<group>"; };
		6FB281FE2ABC914A0088A348 /* ProfileVC.swift */ = {isa = PBXFileReference; lastKnownFileType = sourcecode.swift; path = ProfileVC.swift; sourceTree = "<group>"; };
		6FF65C0C2AB0AA16004006D9 /* GoogleService-Info.plist */ = {isa = PBXFileReference; fileEncoding = 4; lastKnownFileType = text.plist.xml; path = "GoogleService-Info.plist"; sourceTree = "<group>"; };
		6FF65C0E2AB0AC90004006D9 /* AuthService.swift */ = {isa = PBXFileReference; lastKnownFileType = sourcecode.swift; path = AuthService.swift; sourceTree = "<group>"; };
		6FF65C102AB24611004006D9 /* NewsListViewController.swift */ = {isa = PBXFileReference; lastKnownFileType = sourcecode.swift; path = NewsListViewController.swift; sourceTree = "<group>"; };
		6FF65C1A2AB5BF96004006D9 /* NewsModel.swift */ = {isa = PBXFileReference; lastKnownFileType = sourcecode.swift; path = NewsModel.swift; sourceTree = "<group>"; };
		6FF65C1F2AB5C151004006D9 /* NetworkManager.swift */ = {isa = PBXFileReference; lastKnownFileType = sourcecode.swift; path = NetworkManager.swift; sourceTree = "<group>"; };
		6FF65C212AB5D9FB004006D9 /* SearchCell.swift */ = {isa = PBXFileReference; lastKnownFileType = sourcecode.swift; path = SearchCell.swift; sourceTree = "<group>"; };
		6FF65C262AB658AC004006D9 /* SearchViewModel.swift */ = {isa = PBXFileReference; lastKnownFileType = sourcecode.swift; path = SearchViewModel.swift; sourceTree = "<group>"; };
		6FF65C282AB7CEE8004006D9 /* SecondCell.swift */ = {isa = PBXFileReference; lastKnownFileType = sourcecode.swift; path = SecondCell.swift; sourceTree = "<group>"; };
/* End PBXFileReference section */

/* Begin PBXFrameworksBuildPhase section */
		6F78FF9D2AA90C2B00D10B20 /* Frameworks */ = {
			isa = PBXFrameworksBuildPhase;
			buildActionMask = 2147483647;
			files = (
				6F1497A12AAFB46A0074F684 /* FirebaseAnalytics in Frameworks */,
				6FF65C1E2AB5C133004006D9 /* Alamofire in Frameworks */,
				6F1497A52AAFB46A0074F684 /* FirebaseAuthCombine-Community in Frameworks */,
				6F1497A72AAFB46A0074F684 /* FirebaseDatabase in Frameworks */,
				6F1497A92AAFB46A0074F684 /* FirebaseFirestore in Frameworks */,
				6F1497A32AAFB46A0074F684 /* FirebaseAuth in Frameworks */,
				6F1497AB2AAFB46A0074F684 /* FirebaseStorage in Frameworks */,
			);
			runOnlyForDeploymentPostprocessing = 0;
		};
/* End PBXFrameworksBuildPhase section */

/* Begin PBXGroup section */
		6F14977E2AAE680C0074F684 /* Model */ = {
			isa = PBXGroup;
			children = (
				6F78FFB92AACF65A00D10B20 /* OnBoardingSlide.swift */,
				6FF65C1A2AB5BF96004006D9 /* NewsModel.swift */,
			);
			path = Model;
			sourceTree = "<group>";
		};
		6F14977F2AAE68720074F684 /* View */ = {
			isa = PBXGroup;
			children = (
				6FB282002ABCC3FE0088A348 /* kaydedilenler */,
				6F3923692AB9045100C316E7 /* KaydedilenlerVC.swift */,
				6F78FFA72AA90C2B00D10B20 /* ViewController.swift */,
				6FF65C102AB24611004006D9 /* NewsListViewController.swift */,
				6F39236D2ABB30B000C316E7 /* SideMenuViewController.swift */,
				6F78FFBD2AAD06A900D10B20 /* UIView+Exsention.swift */,
			);
			path = View;
			sourceTree = "<group>";
		};
		6F78FF972AA90C2B00D10B20 = {
			isa = PBXGroup;
			children = (
				6F3923432AB8CD5400C316E7 /* Core.xcdatamodeld */,
				6FB281FA2ABC73240088A348 /* New Group */,
				6FF65C252AB64035004006D9 /* Network Layer */,
				6F14977A2AAD182C0074F684 /* OnBoardingCollectionViewCell.swift */,
				6F14977E2AAE680C0074F684 /* Model */,
				6FB281FB2ABC73300088A348 /* ViewModel */,
				6F14977F2AAE68720074F684 /* View */,
				6F78FFA22AA90C2B00D10B20 /* newsApp */,
				6F78FFA12AA90C2B00D10B20 /* Products */,
			);
			sourceTree = "<group>";
		};
		6F78FFA12AA90C2B00D10B20 /* Products */ = {
			isa = PBXGroup;
			children = (
				6F78FFA02AA90C2B00D10B20 /* newsApp.app */,
			);
			name = Products;
			sourceTree = "<group>";
		};
		6F78FFA22AA90C2B00D10B20 /* newsApp */ = {
			isa = PBXGroup;
			children = (
				6F78FFA32AA90C2B00D10B20 /* AppDelegate.swift */,
				6F14977C2AAE66B50074F684 /* tabBarController.storyboard */,
				6FB281FE2ABC914A0088A348 /* ProfileVC.swift */,
				6F78FFA52AA90C2B00D10B20 /* SceneDelegate.swift */,
				6F1497802AAFAA3E0074F684 /* login+register.storyboard */,
				6F3923412AB8749700C316E7 /* DetailVC.swift */,
				6FF65C282AB7CEE8004006D9 /* SecondCell.swift */,
				6FF65C212AB5D9FB004006D9 /* SearchCell.swift */,
				6FF65C0E2AB0AC90004006D9 /* AuthService.swift */,
				6F1497842AAFAE4A0074F684 /* LoginVC.swift */,
				6F1497862AAFAE5B0074F684 /* RegisterVC.swift */,
				6F78FFA92AA90C2B00D10B20 /* Main.storyboard */,
				6F39236B2AB906BC00C316E7 /* KaydedilenlerCell.swift */,
				6F78FFAC2AA90C2D00D10B20 /* Assets.xcassets */,
				6F78FFAE2AA90C2D00D10B20 /* LaunchScreen.storyboard */,
				6FF65C0C2AB0AA16004006D9 /* GoogleService-Info.plist */,
				6F78FFB12AA90C2D00D10B20 /* Info.plist */,
			);
			path = newsApp;
			sourceTree = "<group>";
		};
		6FB281FA2ABC73240088A348 /* New Group */ = {
			isa = PBXGroup;
			children = (
			);
			path = "New Group";
			sourceTree = "<group>";
		};
		6FB281FB2ABC73300088A348 /* ViewModel */ = {
			isa = PBXGroup;
			children = (
				6FF65C262AB658AC004006D9 /* SearchViewModel.swift */,
			);
			path = ViewModel;
			sourceTree = "<group>";
		};
		6FB282002ABCC3FE0088A348 /* kaydedilenler */ = {
			isa = PBXGroup;
			children = (
			);
			path = kaydedilenler;
			sourceTree = "<group>";
		};
		6FF65C252AB64035004006D9 /* Network Layer */ = {
			isa = PBXGroup;
			children = (
				6FF65C1F2AB5C151004006D9 /* NetworkManager.swift */,
			);
			path = "Network Layer";
			sourceTree = "<group>";
		};
/* End PBXGroup section */

/* Begin PBXNativeTarget section */
		6F78FF9F2AA90C2B00D10B20 /* newsApp */ = {
			isa = PBXNativeTarget;
			buildConfigurationList = 6F78FFB42AA90C2D00D10B20 /* Build configuration list for PBXNativeTarget "newsApp" */;
			buildPhases = (
				6F78FF9C2AA90C2B00D10B20 /* Sources */,
				6F78FF9D2AA90C2B00D10B20 /* Frameworks */,
				6F78FF9E2AA90C2B00D10B20 /* Resources */,
			);
			buildRules = (
			);
			dependencies = (
			);
			name = newsApp;
			packageProductDependencies = (
				6F1497A02AAFB46A0074F684 /* FirebaseAnalytics */,
				6F1497A22AAFB46A0074F684 /* FirebaseAuth */,
				6F1497A42AAFB46A0074F684 /* FirebaseAuthCombine-Community */,
				6F1497A62AAFB46A0074F684 /* FirebaseDatabase */,
				6F1497A82AAFB46A0074F684 /* FirebaseFirestore */,
				6F1497AA2AAFB46A0074F684 /* FirebaseStorage */,
				6FF65C1D2AB5C133004006D9 /* Alamofire */,
			);
			productName = newsApp;
			productReference = 6F78FFA02AA90C2B00D10B20 /* newsApp.app */;
			productType = "com.apple.product-type.application";
		};
/* End PBXNativeTarget section */

/* Begin PBXProject section */
		6F78FF982AA90C2B00D10B20 /* Project object */ = {
			isa = PBXProject;
			attributes = {
				BuildIndependentTargetsInParallel = 1;
				LastSwiftUpdateCheck = 1420;
				LastUpgradeCheck = 1420;
				TargetAttributes = {
					6F78FF9F2AA90C2B00D10B20 = {
						CreatedOnToolsVersion = 14.2;
					};
				};
			};
			buildConfigurationList = 6F78FF9B2AA90C2B00D10B20 /* Build configuration list for PBXProject "newsApp" */;
			compatibilityVersion = "Xcode 14.0";
			developmentRegion = en;
			hasScannedForEncodings = 0;
			knownRegions = (
				en,
				Base,
			);
			mainGroup = 6F78FF972AA90C2B00D10B20;
			packageReferences = (
				6F14979F2AAFB46A0074F684 /* XCRemoteSwiftPackageReference "firebase-ios-sdk" */,
				6FF65C1C2AB5C133004006D9 /* XCRemoteSwiftPackageReference "Alamofire" */,
			);
			productRefGroup = 6F78FFA12AA90C2B00D10B20 /* Products */;
			projectDirPath = "";
			projectRoot = "";
			targets = (
				6F78FF9F2AA90C2B00D10B20 /* newsApp */,
			);
		};
/* End PBXProject section */

/* Begin PBXResourcesBuildPhase section */
		6F78FF9E2AA90C2B00D10B20 /* Resources */ = {
			isa = PBXResourcesBuildPhase;
			buildActionMask = 2147483647;
			files = (
				6F78FFB02AA90C2D00D10B20 /* LaunchScreen.storyboard in Resources */,
				6F78FFAD2AA90C2D00D10B20 /* Assets.xcassets in Resources */,
				6F1497812AAFAA3E0074F684 /* login+register.storyboard in Resources */,
				6F14977D2AAE66B50074F684 /* tabBarController.storyboard in Resources */,
				6F78FFAB2AA90C2B00D10B20 /* Main.storyboard in Resources */,
				6FF65C0D2AB0AA16004006D9 /* GoogleService-Info.plist in Resources */,
			);
			runOnlyForDeploymentPostprocessing = 0;
		};
/* End PBXResourcesBuildPhase section */

/* Begin PBXSourcesBuildPhase section */
		6F78FF9C2AA90C2B00D10B20 /* Sources */ = {
			isa = PBXSourcesBuildPhase;
			buildActionMask = 2147483647;
			files = (
				6FF65C222AB5D9FB004006D9 /* SearchCell.swift in Sources */,
				6F14977B2AAD182C0074F684 /* OnBoardingCollectionViewCell.swift in Sources */,
				6F1497872AAFAE5B0074F684 /* RegisterVC.swift in Sources */,
				6F39236A2AB9045100C316E7 /* KaydedilenlerVC.swift in Sources */,
				6F39236E2ABB30B000C316E7 /* SideMenuViewController.swift in Sources */,
				6F3923422AB8749700C316E7 /* DetailVC.swift in Sources */,
				6FF65C202AB5C151004006D9 /* NetworkManager.swift in Sources */,
				6F78FFBE2AAD06A900D10B20 /* UIView+Exsention.swift in Sources */,
				6FF65C272AB658AD004006D9 /* SearchViewModel.swift in Sources */,
				6FF65C292AB7CEE8004006D9 /* SecondCell.swift in Sources */,
				6FF65C0F2AB0AC90004006D9 /* AuthService.swift in Sources */,
				6F39236C2AB906BC00C316E7 /* KaydedilenlerCell.swift in Sources */,
				6F78FFA82AA90C2B00D10B20 /* ViewController.swift in Sources */,
				6FF65C112AB24611004006D9 /* NewsListViewController.swift in Sources */,
				6F3923452AB8CD5400C316E7 /* Core.xcdatamodeld in Sources */,
				6F78FFA42AA90C2B00D10B20 /* AppDelegate.swift in Sources */,
				6F78FFA62AA90C2B00D10B20 /* SceneDelegate.swift in Sources */,
				6F78FFBA2AACF65A00D10B20 /* OnBoardingSlide.swift in Sources */,
				6FF65C1B2AB5BF96004006D9 /* NewsModel.swift in Sources */,
				6FB281FF2ABC914A0088A348 /* ProfileVC.swift in Sources */,
				6F1497852AAFAE4A0074F684 /* LoginVC.swift in Sources */,
			);
			runOnlyForDeploymentPostprocessing = 0;
		};
/* End PBXSourcesBuildPhase section */

/* Begin PBXVariantGroup section */
		6F78FFA92AA90C2B00D10B20 /* Main.storyboard */ = {
			isa = PBXVariantGroup;
			children = (
				6F78FFAA2AA90C2B00D10B20 /* Base */,
			);
			name = Main.storyboard;
			sourceTree = "<group>";
		};
		6F78FFAE2AA90C2D00D10B20 /* LaunchScreen.storyboard */ = {
			isa = PBXVariantGroup;
			children = (
				6F78FFAF2AA90C2D00D10B20 /* Base */,
			);
			name = LaunchScreen.storyboard;
			sourceTree = "<group>";
		};
/* End PBXVariantGroup section */

/* Begin XCBuildConfiguration section */
		6F78FFB22AA90C2D00D10B20 /* Debug */ = {
			isa = XCBuildConfiguration;
			buildSettings = {
				ALWAYS_SEARCH_USER_PATHS = NO;
				CLANG_ANALYZER_NONNULL = YES;
				CLANG_ANALYZER_NUMBER_OBJECT_CONVERSION = YES_AGGRESSIVE;
				CLANG_CXX_LANGUAGE_STANDARD = "gnu++20";
				CLANG_ENABLE_MODULES = YES;
				CLANG_ENABLE_OBJC_ARC = YES;
				CLANG_ENABLE_OBJC_WEAK = YES;
				CLANG_WARN_BLOCK_CAPTURE_AUTORELEASING = YES;
				CLANG_WARN_BOOL_CONVERSION = YES;
				CLANG_WARN_COMMA = YES;
				CLANG_WARN_CONSTANT_CONVERSION = YES;
				CLANG_WARN_DEPRECATED_OBJC_IMPLEMENTATIONS = YES;
				CLANG_WARN_DIRECT_OBJC_ISA_USAGE = YES_ERROR;
				CLANG_WARN_DOCUMENTATION_COMMENTS = YES;
				CLANG_WARN_EMPTY_BODY = YES;
				CLANG_WARN_ENUM_CONVERSION = YES;
				CLANG_WARN_INFINITE_RECURSION = YES;
				CLANG_WARN_INT_CONVERSION = YES;
				CLANG_WARN_NON_LITERAL_NULL_CONVERSION = YES;
				CLANG_WARN_OBJC_IMPLICIT_RETAIN_SELF = YES;
				CLANG_WARN_OBJC_LITERAL_CONVERSION = YES;
				CLANG_WARN_OBJC_ROOT_CLASS = YES_ERROR;
				CLANG_WARN_QUOTED_INCLUDE_IN_FRAMEWORK_HEADER = YES;
				CLANG_WARN_RANGE_LOOP_ANALYSIS = YES;
				CLANG_WARN_STRICT_PROTOTYPES = YES;
				CLANG_WARN_SUSPICIOUS_MOVE = YES;
				CLANG_WARN_UNGUARDED_AVAILABILITY = YES_AGGRESSIVE;
				CLANG_WARN_UNREACHABLE_CODE = YES;
				CLANG_WARN__DUPLICATE_METHOD_MATCH = YES;
				COPY_PHASE_STRIP = NO;
				DEBUG_INFORMATION_FORMAT = dwarf;
				ENABLE_STRICT_OBJC_MSGSEND = YES;
				ENABLE_TESTABILITY = YES;
				GCC_C_LANGUAGE_STANDARD = gnu11;
				GCC_DYNAMIC_NO_PIC = NO;
				GCC_NO_COMMON_BLOCKS = YES;
				GCC_OPTIMIZATION_LEVEL = 0;
				GCC_PREPROCESSOR_DEFINITIONS = (
					"DEBUG=1",
					"$(inherited)",
				);
				GCC_WARN_64_TO_32_BIT_CONVERSION = YES;
				GCC_WARN_ABOUT_RETURN_TYPE = YES_ERROR;
				GCC_WARN_UNDECLARED_SELECTOR = YES;
				GCC_WARN_UNINITIALIZED_AUTOS = YES_AGGRESSIVE;
				GCC_WARN_UNUSED_FUNCTION = YES;
				GCC_WARN_UNUSED_VARIABLE = YES;
				IPHONEOS_DEPLOYMENT_TARGET = 16.2;
				MTL_ENABLE_DEBUG_INFO = INCLUDE_SOURCE;
				MTL_FAST_MATH = YES;
				ONLY_ACTIVE_ARCH = YES;
				SDKROOT = iphoneos;
				SWIFT_ACTIVE_COMPILATION_CONDITIONS = DEBUG;
				SWIFT_OPTIMIZATION_LEVEL = "-Onone";
			};
			name = Debug;
		};
		6F78FFB32AA90C2D00D10B20 /* Release */ = {
			isa = XCBuildConfiguration;
			buildSettings = {
				ALWAYS_SEARCH_USER_PATHS = NO;
				CLANG_ANALYZER_NONNULL = YES;
				CLANG_ANALYZER_NUMBER_OBJECT_CONVERSION = YES_AGGRESSIVE;
				CLANG_CXX_LANGUAGE_STANDARD = "gnu++20";
				CLANG_ENABLE_MODULES = YES;
				CLANG_ENABLE_OBJC_ARC = YES;
				CLANG_ENABLE_OBJC_WEAK = YES;
				CLANG_WARN_BLOCK_CAPTURE_AUTORELEASING = YES;
				CLANG_WARN_BOOL_CONVERSION = YES;
				CLANG_WARN_COMMA = YES;
				CLANG_WARN_CONSTANT_CONVERSION = YES;
				CLANG_WARN_DEPRECATED_OBJC_IMPLEMENTATIONS = YES;
				CLANG_WARN_DIRECT_OBJC_ISA_USAGE = YES_ERROR;
				CLANG_WARN_DOCUMENTATION_COMMENTS = YES;
				CLANG_WARN_EMPTY_BODY = YES;
				CLANG_WARN_ENUM_CONVERSION = YES;
				CLANG_WARN_INFINITE_RECURSION = YES;
				CLANG_WARN_INT_CONVERSION = YES;
				CLANG_WARN_NON_LITERAL_NULL_CONVERSION = YES;
				CLANG_WARN_OBJC_IMPLICIT_RETAIN_SELF = YES;
				CLANG_WARN_OBJC_LITERAL_CONVERSION = YES;
				CLANG_WARN_OBJC_ROOT_CLASS = YES_ERROR;
				CLANG_WARN_QUOTED_INCLUDE_IN_FRAMEWORK_HEADER = YES;
				CLANG_WARN_RANGE_LOOP_ANALYSIS = YES;
				CLANG_WARN_STRICT_PROTOTYPES = YES;
				CLANG_WARN_SUSPICIOUS_MOVE = YES;
				CLANG_WARN_UNGUARDED_AVAILABILITY = YES_AGGRESSIVE;
				CLANG_WARN_UNREACHABLE_CODE = YES;
				CLANG_WARN__DUPLICATE_METHOD_MATCH = YES;
				COPY_PHASE_STRIP = NO;
				DEBUG_INFORMATION_FORMAT = "dwarf-with-dsym";
				ENABLE_NS_ASSERTIONS = NO;
				ENABLE_STRICT_OBJC_MSGSEND = YES;
				GCC_C_LANGUAGE_STANDARD = gnu11;
				GCC_NO_COMMON_BLOCKS = YES;
				GCC_WARN_64_TO_32_BIT_CONVERSION = YES;
				GCC_WARN_ABOUT_RETURN_TYPE = YES_ERROR;
				GCC_WARN_UNDECLARED_SELECTOR = YES;
				GCC_WARN_UNINITIALIZED_AUTOS = YES_AGGRESSIVE;
				GCC_WARN_UNUSED_FUNCTION = YES;
				GCC_WARN_UNUSED_VARIABLE = YES;
				IPHONEOS_DEPLOYMENT_TARGET = 16.2;
				MTL_ENABLE_DEBUG_INFO = NO;
				MTL_FAST_MATH = YES;
				SDKROOT = iphoneos;
				SWIFT_COMPILATION_MODE = wholemodule;
				SWIFT_OPTIMIZATION_LEVEL = "-O";
				VALIDATE_PRODUCT = YES;
			};
			name = Release;
		};
		6F78FFB52AA90C2D00D10B20 /* Debug */ = {
			isa = XCBuildConfiguration;
			buildSettings = {
				ASSETCATALOG_COMPILER_APPICON_NAME = AppIcon;
				ASSETCATALOG_COMPILER_GLOBAL_ACCENT_COLOR_NAME = AccentColor;
				CODE_SIGN_STYLE = Automatic;
				CURRENT_PROJECT_VERSION = 1;
				DEVELOPMENT_TEAM = 864FBL7T58;
				GENERATE_INFOPLIST_FILE = YES;
				INFOPLIST_FILE = newsApp/Info.plist;
				INFOPLIST_KEY_UIApplicationSupportsIndirectInputEvents = YES;
				INFOPLIST_KEY_UILaunchStoryboardName = LaunchScreen;
				INFOPLIST_KEY_UIMainStoryboardFile = Main;
				INFOPLIST_KEY_UISupportedInterfaceOrientations_iPad = "UIInterfaceOrientationPortrait UIInterfaceOrientationPortraitUpsideDown UIInterfaceOrientationLandscapeLeft UIInterfaceOrientationLandscapeRight";
				INFOPLIST_KEY_UISupportedInterfaceOrientations_iPhone = "UIInterfaceOrientationPortrait UIInterfaceOrientationLandscapeLeft UIInterfaceOrientationLandscapeRight";
				LD_RUNPATH_SEARCH_PATHS = (
					"$(inherited)",
					"@executable_path/Frameworks",
				);
				MARKETING_VERSION = 1.0;
				PRODUCT_BUNDLE_IDENTIFIER = sedagultekin.newsApp;
				PRODUCT_NAME = "$(TARGET_NAME)";
				SWIFT_EMIT_LOC_STRINGS = YES;
				SWIFT_VERSION = 5.0;
				TARGETED_DEVICE_FAMILY = "1,2";
			};
			name = Debug;
		};
		6F78FFB62AA90C2D00D10B20 /* Release */ = {
			isa = XCBuildConfiguration;
			buildSettings = {
				ASSETCATALOG_COMPILER_APPICON_NAME = AppIcon;
				ASSETCATALOG_COMPILER_GLOBAL_ACCENT_COLOR_NAME = AccentColor;
				CODE_SIGN_STYLE = Automatic;
				CURRENT_PROJECT_VERSION = 1;
				DEVELOPMENT_TEAM = 864FBL7T58;
				GENERATE_INFOPLIST_FILE = YES;
				INFOPLIST_FILE = newsApp/Info.plist;
				INFOPLIST_KEY_UIApplicationSupportsIndirectInputEvents = YES;
				INFOPLIST_KEY_UILaunchStoryboardName = LaunchScreen;
				INFOPLIST_KEY_UIMainStoryboardFile = Main;
				INFOPLIST_KEY_UISupportedInterfaceOrientations_iPad = "UIInterfaceOrientationPortrait UIInterfaceOrientationPortraitUpsideDown UIInterfaceOrientationLandscapeLeft UIInterfaceOrientationLandscapeRight";
				INFOPLIST_KEY_UISupportedInterfaceOrientations_iPhone = "UIInterfaceOrientationPortrait UIInterfaceOrientationLandscapeLeft UIInterfaceOrientationLandscapeRight";
				LD_RUNPATH_SEARCH_PATHS = (
					"$(inherited)",
					"@executable_path/Frameworks",
				);
				MARKETING_VERSION = 1.0;
				PRODUCT_BUNDLE_IDENTIFIER = sedagultekin.newsApp;
				PRODUCT_NAME = "$(TARGET_NAME)";
				SWIFT_EMIT_LOC_STRINGS = YES;
				SWIFT_VERSION = 5.0;
				TARGETED_DEVICE_FAMILY = "1,2";
			};
			name = Release;
		};
/* End XCBuildConfiguration section */

/* Begin XCConfigurationList section */
		6F78FF9B2AA90C2B00D10B20 /* Build configuration list for PBXProject "newsApp" */ = {
			isa = XCConfigurationList;
			buildConfigurations = (
				6F78FFB22AA90C2D00D10B20 /* Debug */,
				6F78FFB32AA90C2D00D10B20 /* Release */,
			);
			defaultConfigurationIsVisible = 0;
			defaultConfigurationName = Release;
		};
		6F78FFB42AA90C2D00D10B20 /* Build configuration list for PBXNativeTarget "newsApp" */ = {
			isa = XCConfigurationList;
			buildConfigurations = (
				6F78FFB52AA90C2D00D10B20 /* Debug */,
				6F78FFB62AA90C2D00D10B20 /* Release */,
			);
			defaultConfigurationIsVisible = 0;
			defaultConfigurationName = Release;
		};
/* End XCConfigurationList section */

/* Begin XCRemoteSwiftPackageReference section */
		6F14979F2AAFB46A0074F684 /* XCRemoteSwiftPackageReference "firebase-ios-sdk" */ = {
			isa = XCRemoteSwiftPackageReference;
			repositoryURL = "https://github.com/firebase/firebase-ios-sdk";
			requirement = {
				branch = master;
				kind = branch;
			};
		};
		6FF65C1C2AB5C133004006D9 /* XCRemoteSwiftPackageReference "Alamofire" */ = {
			isa = XCRemoteSwiftPackageReference;
			repositoryURL = "https://github.com/Alamofire/Alamofire.git";
			requirement = {
				branch = master;
				kind = branch;
			};
		};
/* End XCRemoteSwiftPackageReference section */

/* Begin XCSwiftPackageProductDependency section */
		6F1497A02AAFB46A0074F684 /* FirebaseAnalytics */ = {
			isa = XCSwiftPackageProductDependency;
			package = 6F14979F2AAFB46A0074F684 /* XCRemoteSwiftPackageReference "firebase-ios-sdk" */;
			productName = FirebaseAnalytics;
		};
		6F1497A22AAFB46A0074F684 /* FirebaseAuth */ = {
			isa = XCSwiftPackageProductDependency;
			package = 6F14979F2AAFB46A0074F684 /* XCRemoteSwiftPackageReference "firebase-ios-sdk" */;
			productName = FirebaseAuth;
		};
		6F1497A42AAFB46A0074F684 /* FirebaseAuthCombine-Community */ = {
			isa = XCSwiftPackageProductDependency;
			package = 6F14979F2AAFB46A0074F684 /* XCRemoteSwiftPackageReference "firebase-ios-sdk" */;
			productName = "FirebaseAuthCombine-Community";
		};
		6F1497A62AAFB46A0074F684 /* FirebaseDatabase */ = {
			isa = XCSwiftPackageProductDependency;
			package = 6F14979F2AAFB46A0074F684 /* XCRemoteSwiftPackageReference "firebase-ios-sdk" */;
			productName = FirebaseDatabase;
		};
		6F1497A82AAFB46A0074F684 /* FirebaseFirestore */ = {
			isa = XCSwiftPackageProductDependency;
			package = 6F14979F2AAFB46A0074F684 /* XCRemoteSwiftPackageReference "firebase-ios-sdk" */;
			productName = FirebaseFirestore;
		};
		6F1497AA2AAFB46A0074F684 /* FirebaseStorage */ = {
			isa = XCSwiftPackageProductDependency;
			package = 6F14979F2AAFB46A0074F684 /* XCRemoteSwiftPackageReference "firebase-ios-sdk" */;
			productName = FirebaseStorage;
		};
		6FF65C1D2AB5C133004006D9 /* Alamofire */ = {
			isa = XCSwiftPackageProductDependency;
			package = 6FF65C1C2AB5C133004006D9 /* XCRemoteSwiftPackageReference "Alamofire" */;
			productName = Alamofire;
		};
/* End XCSwiftPackageProductDependency section */

/* Begin XCVersionGroup section */
		6F3923432AB8CD5400C316E7 /* Core.xcdatamodeld */ = {
			isa = XCVersionGroup;
			children = (
				6F3923442AB8CD5400C316E7 /* Core.xcdatamodel */,
			);
			currentVersion = 6F3923442AB8CD5400C316E7 /* Core.xcdatamodel */;
			path = Core.xcdatamodeld;
			sourceTree = "<group>";
			versionGroupType = wrapper.xcdatamodel;
		};
/* End XCVersionGroup section */
	};
	rootObject = 6F78FF982AA90C2B00D10B20 /* Project object */;
}
